Microsoft Visual Studio Solution File, Format Version 12.00
# Visual Studio Version 17
VisualStudioVersion = 17.5.2.0
MinimumVisualStudioVersion = 10.0.40219.1
Project("{FAE04EC0-301F-11D3-BF4B-00C04F79EFBC}") = "payoneer-net-backend", "payoneer-net-backend.csproj", "{B9E9082B-116B-945B-8B90-54F7E7EE5F5D}"
EndProject
Global
	GlobalSection(SolutionConfigurationPlatforms) = preSolution
		Debug|Any CPU = Debug|Any CPU
		Release|Any CPU = Release|Any CPU
	EndGlobalSection
	GlobalSection(ProjectConfigurationPlatforms) = postSolution
		{B9E9082B-116B-945B-8B90-54F7E7EE5F5D}.Debug|Any CPU.ActiveCfg = Debug|Any CPU
		{B9E9082B-116B-945B-8B90-54F7E7EE5F5D}.Debug|Any CPU.Build.0 = Debug|Any CPU
		{B9E9082B-116B-945B-8B90-54F7E7EE5F5D}.Release|Any CPU.ActiveCfg = Release|Any CPU
		{B9E9082B-116B-945B-8B90-54F7E7EE5F5D}.Release|Any CPU.Build.0 = Release|Any CPU
	EndGlobalSection
	GlobalSection(SolutionProperties) = preSolution
		HideSolutionNode = FALSE
	EndGlobalSection
	GlobalSection(ExtensibilityGlobals) = postSolution
		SolutionGuid = {07FF17E8-BC7B-4E2A-A956-E942D2918330}
	EndGlobalSection
EndGlobal
